// !$*UTF8*$!
{
	archiveVersion = 1;
	classes = {
	};
	objectVersion = 52;
	objects = {

/* Begin PBXBuildFile section */
		4333F12D2685162F007DD015 /* AppDelegate.swift in Sources */ = {isa = PBXBuildFile; fileRef = 4333F12C2685162F007DD015 /* AppDelegate.swift */; };
		4333F12F2685162F007DD015 /* SceneDelegate.swift in Sources */ = {isa = PBXBuildFile; fileRef = 4333F12E2685162F007DD015 /* SceneDelegate.swift */; };
		4333F1312685162F007DD015 /* TeamsViewController.swift in Sources */ = {isa = PBXBuildFile; fileRef = 4333F1302685162F007DD015 /* TeamsViewController.swift */; };
		4333F1342685162F007DD015 /* Main.storyboard in Resources */ = {isa = PBXBuildFile; fileRef = 4333F1322685162F007DD015 /* Main.storyboard */; };
		4333F13626851630007DD015 /* Assets.xcassets in Resources */ = {isa = PBXBuildFile; fileRef = 4333F13526851630007DD015 /* Assets.xcassets */; };
		4333F13926851630007DD015 /* LaunchScreen.storyboard in Resources */ = {isa = PBXBuildFile; fileRef = 4333F13726851630007DD015 /* LaunchScreen.storyboard */; };
		4333F14426851631007DD015 /* InteractiveDemoTests.swift in Sources */ = {isa = PBXBuildFile; fileRef = 4333F14326851631007DD015 /* InteractiveDemoTests.swift */; };
		4333F14F26851631007DD015 /* InteractiveDemoUITests.swift in Sources */ = {isa = PBXBuildFile; fileRef = 4333F14E26851631007DD015 /* InteractiveDemoUITests.swift */; };
		4333F15D26851E6F007DD015 /* Model.swift in Sources */ = {isa = PBXBuildFile; fileRef = 4333F15C26851E6F007DD015 /* Model.swift */; };
		4333F15F268608B1007DD015 /* TeamDetailView.swift in Sources */ = {isa = PBXBuildFile; fileRef = 4333F15E268608B1007DD015 /* TeamDetailView.swift */; };
		4333F1652686097E007DD015 /* DataSource.swift in Sources */ = {isa = PBXBuildFile; fileRef = 4333F1642686097E007DD015 /* DataSource.swift */; };
		4333F16726860A16007DD015 /* TeamCell.swift in Sources */ = {isa = PBXBuildFile; fileRef = 4333F16626860A16007DD015 /* TeamCell.swift */; };
		4333F16D26860D99007DD015 /* TeamsViewModel.swift in Sources */ = {isa = PBXBuildFile; fileRef = 4333F16C26860D99007DD015 /* TeamsViewModel.swift */; };
		4333F1702686126C007DD015 /* DataProvider.swift in Sources */ = {isa = PBXBuildFile; fileRef = 4333F16F2686126C007DD015 /* DataProvider.swift */; };
		4333F1752687177A007DD015 /* SwiftSVG in Frameworks */ = {isa = PBXBuildFile; productRef = 4333F1742687177A007DD015 /* SwiftSVG */; };
		438F45722687414700371E35 /* TeamDetailView.xib in Resources */ = {isa = PBXBuildFile; fileRef = 438F45712687414700371E35 /* TeamDetailView.xib */; };
		438F45742687425700371E35 /* UpcomingMatchesCell.swift in Sources */ = {isa = PBXBuildFile; fileRef = 438F45732687425700371E35 /* UpcomingMatchesCell.swift */; };
		438F45762687433600371E35 /* UpcomingMatchesCell.xib in Resources */ = {isa = PBXBuildFile; fileRef = 438F45752687433600371E35 /* UpcomingMatchesCell.xib */; };
		438F4578268745AE00371E35 /* UpcomingMatchModel.swift in Sources */ = {isa = PBXBuildFile; fileRef = 438F4577268745AE00371E35 /* UpcomingMatchModel.swift */; };
		438F45802687539B00371E35 /* NetworkDataProvider.swift in Sources */ = {isa = PBXBuildFile; fileRef = 438F457F2687539B00371E35 /* NetworkDataProvider.swift */; };
		43AB06AB26873AA70043406B /* TeamTableViewDelegate.swift in Sources */ = {isa = PBXBuildFile; fileRef = 43AB06AA26873AA70043406B /* TeamTableViewDelegate.swift */; };
/* End PBXBuildFile section */

/* Begin PBXContainerItemProxy section */
		4333F14026851631007DD015 /* PBXContainerItemProxy */ = {
			isa = PBXContainerItemProxy;
			containerPortal = 4333F1212685162F007DD015 /* Project object */;
			proxyType = 1;
			remoteGlobalIDString = 4333F1282685162F007DD015;
			remoteInfo = InteractiveDemo;
		};
		4333F14B26851631007DD015 /* PBXContainerItemProxy */ = {
			isa = PBXContainerItemProxy;
			containerPortal = 4333F1212685162F007DD015 /* Project object */;
			proxyType = 1;
			remoteGlobalIDString = 4333F1282685162F007DD015;
			remoteInfo = InteractiveDemo;
		};
/* End PBXContainerItemProxy section */

/* Begin PBXFileReference section */
		4333F1292685162F007DD015 /* InteractiveDemo.app */ = {isa = PBXFileReference; explicitFileType = wrapper.application; includeInIndex = 0; path = InteractiveDemo.app; sourceTree = BUILT_PRODUCTS_DIR; };
		4333F12C2685162F007DD015 /* AppDelegate.swift */ = {isa = PBXFileReference; lastKnownFileType = sourcecode.swift; path = AppDelegate.swift; sourceTree = "<group>"; };
		4333F12E2685162F007DD015 /* SceneDelegate.swift */ = {isa = PBXFileReference; lastKnownFileType = sourcecode.swift; path = SceneDelegate.swift; sourceTree = "<group>"; };
		4333F1302685162F007DD015 /* TeamsViewController.swift */ = {isa = PBXFileReference; lastKnownFileType = sourcecode.swift; path = TeamsViewController.swift; sourceTree = "<group>"; };
		4333F1332685162F007DD015 /* Base */ = {isa = PBXFileReference; lastKnownFileType = file.storyboard; name = Base; path = Base.lproj/Main.storyboard; sourceTree = "<group>"; };
		4333F13526851630007DD015 /* Assets.xcassets */ = {isa = PBXFileReference; lastKnownFileType = folder.assetcatalog; path = Assets.xcassets; sourceTree = "<group>"; };
		4333F13826851630007DD015 /* Base */ = {isa = PBXFileReference; lastKnownFileType = file.storyboard; name = Base; path = Base.lproj/LaunchScreen.storyboard; sourceTree = "<group>"; };
		4333F13A26851630007DD015 /* Info.plist */ = {isa = PBXFileReference; lastKnownFileType = text.plist.xml; path = Info.plist; sourceTree = "<group>"; };
		4333F13F26851631007DD015 /* InteractiveDemoTests.xctest */ = {isa = PBXFileReference; explicitFileType = wrapper.cfbundle; includeInIndex = 0; path = InteractiveDemoTests.xctest; sourceTree = BUILT_PRODUCTS_DIR; };
		4333F14326851631007DD015 /* InteractiveDemoTests.swift */ = {isa = PBXFileReference; lastKnownFileType = sourcecode.swift; path = InteractiveDemoTests.swift; sourceTree = "<group>"; };
		4333F14526851631007DD015 /* Info.plist */ = {isa = PBXFileReference; lastKnownFileType = text.plist.xml; path = Info.plist; sourceTree = "<group>"; };
		4333F14A26851631007DD015 /* InteractiveDemoUITests.xctest */ = {isa = PBXFileReference; explicitFileType = wrapper.cfbundle; includeInIndex = 0; path = InteractiveDemoUITests.xctest; sourceTree = BUILT_PRODUCTS_DIR; };
		4333F14E26851631007DD015 /* InteractiveDemoUITests.swift */ = {isa = PBXFileReference; lastKnownFileType = sourcecode.swift; path = InteractiveDemoUITests.swift; sourceTree = "<group>"; };
		4333F15026851631007DD015 /* Info.plist */ = {isa = PBXFileReference; lastKnownFileType = text.plist.xml; path = Info.plist; sourceTree = "<group>"; };
		4333F15C26851E6F007DD015 /* Model.swift */ = {isa = PBXFileReference; lastKnownFileType = sourcecode.swift; path = Model.swift; sourceTree = "<group>"; };
		4333F15E268608B1007DD015 /* TeamDetailView.swift */ = {isa = PBXFileReference; lastKnownFileType = sourcecode.swift; path = TeamDetailView.swift; sourceTree = "<group>"; };
		4333F1642686097E007DD015 /* DataSource.swift */ = {isa = PBXFileReference; lastKnownFileType = sourcecode.swift; path = DataSource.swift; sourceTree = "<group>"; };
		4333F16626860A16007DD015 /* TeamCell.swift */ = {isa = PBXFileReference; lastKnownFileType = sourcecode.swift; path = TeamCell.swift; sourceTree = "<group>"; };
		4333F16C26860D99007DD015 /* TeamsViewModel.swift */ = {isa = PBXFileReference; lastKnownFileType = sourcecode.swift; path = TeamsViewModel.swift; sourceTree = "<group>"; };
		4333F16F2686126C007DD015 /* DataProvider.swift */ = {isa = PBXFileReference; lastKnownFileType = sourcecode.swift; path = DataProvider.swift; sourceTree = "<group>"; };
		438F45712687414700371E35 /* TeamDetailView.xib */ = {isa = PBXFileReference; lastKnownFileType = file.xib; path = TeamDetailView.xib; sourceTree = "<group>"; };
		438F45732687425700371E35 /* UpcomingMatchesCell.swift */ = {isa = PBXFileReference; lastKnownFileType = sourcecode.swift; path = UpcomingMatchesCell.swift; sourceTree = "<group>"; };
		438F45752687433600371E35 /* UpcomingMatchesCell.xib */ = {isa = PBXFileReference; lastKnownFileType = file.xib; path = UpcomingMatchesCell.xib; sourceTree = "<group>"; };
		438F4577268745AE00371E35 /* UpcomingMatchModel.swift */ = {isa = PBXFileReference; lastKnownFileType = sourcecode.swift; path = UpcomingMatchModel.swift; sourceTree = "<group>"; };
		438F457F2687539B00371E35 /* NetworkDataProvider.swift */ = {isa = PBXFileReference; lastKnownFileType = sourcecode.swift; path = NetworkDataProvider.swift; sourceTree = "<group>"; };
		43AB06AA26873AA70043406B /* TeamTableViewDelegate.swift */ = {isa = PBXFileReference; lastKnownFileType = sourcecode.swift; path = TeamTableViewDelegate.swift; sourceTree = "<group>"; };
/* End PBXFileReference section */

/* Begin PBXFrameworksBuildPhase section */
		4333F1262685162F007DD015 /* Frameworks */ = {
			isa = PBXFrameworksBuildPhase;
			buildActionMask = 2147483647;
			files = (
				4333F1752687177A007DD015 /* SwiftSVG in Frameworks */,
			);
			runOnlyForDeploymentPostprocessing = 0;
		};
		4333F13C26851631007DD015 /* Frameworks */ = {
			isa = PBXFrameworksBuildPhase;
			buildActionMask = 2147483647;
			files = (
			);
			runOnlyForDeploymentPostprocessing = 0;
		};
		4333F14726851631007DD015 /* Frameworks */ = {
			isa = PBXFrameworksBuildPhase;
			buildActionMask = 2147483647;
			files = (
			);
			runOnlyForDeploymentPostprocessing = 0;
		};
/* End PBXFrameworksBuildPhase section */

/* Begin PBXGroup section */
		4333F1202685162F007DD015 = {
			isa = PBXGroup;
			children = (
				4333F12B2685162F007DD015 /* InteractiveDemo */,
				4333F14226851631007DD015 /* InteractiveDemoTests */,
				4333F14D26851631007DD015 /* InteractiveDemoUITests */,
				4333F12A2685162F007DD015 /* Products */,
			);
			sourceTree = "<group>";
		};
		4333F12A2685162F007DD015 /* Products */ = {
			isa = PBXGroup;
			children = (
				4333F1292685162F007DD015 /* InteractiveDemo.app */,
				4333F13F26851631007DD015 /* InteractiveDemoTests.xctest */,
				4333F14A26851631007DD015 /* InteractiveDemoUITests.xctest */,
			);
			name = Products;
			sourceTree = "<group>";
		};
		4333F12B2685162F007DD015 /* InteractiveDemo */ = {
			isa = PBXGroup;
			children = (
				4333F16E2686124C007DD015 /* DataProvider */,
				4333F16B26860BA0007DD015 /* Assets */,
				4333F16326860924007DD015 /* SupportingFiles */,
				4333F16226860916007DD015 /* Model */,
				4333F161268608F9007DD015 /* TeamTableComponent */,
				4333F160268608DF007DD015 /* DetailComponent */,
				4333F13726851630007DD015 /* LaunchScreen.storyboard */,
				4333F13A26851630007DD015 /* Info.plist */,
			);
			path = InteractiveDemo;
			sourceTree = "<group>";
		};
		4333F14226851631007DD015 /* InteractiveDemoTests */ = {
			isa = PBXGroup;
			children = (
				4333F14326851631007DD015 /* InteractiveDemoTests.swift */,
				4333F14526851631007DD015 /* Info.plist */,
			);
			path = InteractiveDemoTests;
			sourceTree = "<group>";
		};
		4333F14D26851631007DD015 /* InteractiveDemoUITests */ = {
			isa = PBXGroup;
			children = (
				4333F14E26851631007DD015 /* InteractiveDemoUITests.swift */,
				4333F15026851631007DD015 /* Info.plist */,
			);
			path = InteractiveDemoUITests;
			sourceTree = "<group>";
		};
		4333F160268608DF007DD015 /* DetailComponent */ = {
			isa = PBXGroup;
			children = (
				438F4579268745D600371E35 /* Model */,
				4333F15E268608B1007DD015 /* TeamDetailView.swift */,
				438F45712687414700371E35 /* TeamDetailView.xib */,
				438F45732687425700371E35 /* UpcomingMatchesCell.swift */,
				438F45752687433600371E35 /* UpcomingMatchesCell.xib */,
			);
			name = DetailComponent;
			sourceTree = "<group>";
		};
		4333F161268608F9007DD015 /* TeamTableComponent */ = {
			isa = PBXGroup;
			children = (
				4333F1302685162F007DD015 /* TeamsViewController.swift */,
				4333F16C26860D99007DD015 /* TeamsViewModel.swift */,
				4333F1642686097E007DD015 /* DataSource.swift */,
				43AB06AA26873AA70043406B /* TeamTableViewDelegate.swift */,
				4333F16626860A16007DD015 /* TeamCell.swift */,
				4333F1322685162F007DD015 /* Main.storyboard */,
			);
			path = TeamTableComponent;
			sourceTree = "<group>";
		};
		4333F16226860916007DD015 /* Model */ = {
			isa = PBXGroup;
			children = (
				4333F15C26851E6F007DD015 /* Model.swift */,
			);
			name = Model;
			sourceTree = "<group>";
		};
		4333F16326860924007DD015 /* SupportingFiles */ = {
			isa = PBXGroup;
			children = (
				4333F12C2685162F007DD015 /* AppDelegate.swift */,
				4333F12E2685162F007DD015 /* SceneDelegate.swift */,
			);
			path = SupportingFiles;
			sourceTree = "<group>";
		};
		4333F16B26860BA0007DD015 /* Assets */ = {
			isa = PBXGroup;
			children = (
				4333F13526851630007DD015 /* Assets.xcassets */,
			);
			name = Assets;
			sourceTree = "<group>";
		};
		4333F16E2686124C007DD015 /* DataProvider */ = {
			isa = PBXGroup;
			children = (
				4333F16F2686126C007DD015 /* DataProvider.swift */,
				438F457F2687539B00371E35 /* NetworkDataProvider.swift */,
			);
			path = DataProvider;
			sourceTree = "<group>";
		};
		438F4579268745D600371E35 /* Model */ = {
			isa = PBXGroup;
			children = (
				438F4577268745AE00371E35 /* UpcomingMatchModel.swift */,
			);
			path = Model;
			sourceTree = "<group>";
		};
/* End PBXGroup section */

/* Begin PBXNativeTarget section */
		4333F1282685162F007DD015 /* InteractiveDemo */ = {
			isa = PBXNativeTarget;
			buildConfigurationList = 4333F15326851631007DD015 /* Build configuration list for PBXNativeTarget "InteractiveDemo" */;
			buildPhases = (
				4333F1252685162F007DD015 /* Sources */,
				4333F1262685162F007DD015 /* Frameworks */,
				4333F1272685162F007DD015 /* Resources */,
			);
			buildRules = (
			);
			dependencies = (
			);
			name = InteractiveDemo;
			packageProductDependencies = (
				4333F1742687177A007DD015 /* SwiftSVG */,
			);
			productName = InteractiveDemo;
			productReference = 4333F1292685162F007DD015 /* InteractiveDemo.app */;
			productType = "com.apple.product-type.application";
		};
		4333F13E26851631007DD015 /* InteractiveDemoTests */ = {
			isa = PBXNativeTarget;
			buildConfigurationList = 4333F15626851631007DD015 /* Build configuration list for PBXNativeTarget "InteractiveDemoTests" */;
			buildPhases = (
				4333F13B26851631007DD015 /* Sources */,
				4333F13C26851631007DD015 /* Frameworks */,
				4333F13D26851631007DD015 /* Resources */,
			);
			buildRules = (
			);
			dependencies = (
				4333F14126851631007DD015 /* PBXTargetDependency */,
			);
			name = InteractiveDemoTests;
			productName = InteractiveDemoTests;
			productReference = 4333F13F26851631007DD015 /* InteractiveDemoTests.xctest */;
			productType = "com.apple.product-type.bundle.unit-test";
		};
		4333F14926851631007DD015 /* InteractiveDemoUITests */ = {
			isa = PBXNativeTarget;
			buildConfigurationList = 4333F15926851631007DD015 /* Build configuration list for PBXNativeTarget "InteractiveDemoUITests" */;
			buildPhases = (
				4333F14626851631007DD015 /* Sources */,
				4333F14726851631007DD015 /* Frameworks */,
				4333F14826851631007DD015 /* Resources */,
			);
			buildRules = (
			);
			dependencies = (
				4333F14C26851631007DD015 /* PBXTargetDependency */,
			);
			name = InteractiveDemoUITests;
			productName = InteractiveDemoUITests;
			productReference = 4333F14A26851631007DD015 /* InteractiveDemoUITests.xctest */;
			productType = "com.apple.product-type.bundle.ui-testing";
		};
/* End PBXNativeTarget section */

/* Begin PBXProject section */
		4333F1212685162F007DD015 /* Project object */ = {
			isa = PBXProject;
			attributes = {
				LastSwiftUpdateCheck = 1250;
				LastUpgradeCheck = 1250;
				TargetAttributes = {
					4333F1282685162F007DD015 = {
						CreatedOnToolsVersion = 12.5;
					};
					4333F13E26851631007DD015 = {
						CreatedOnToolsVersion = 12.5;
						TestTargetID = 4333F1282685162F007DD015;
					};
					4333F14926851631007DD015 = {
						CreatedOnToolsVersion = 12.5;
						TestTargetID = 4333F1282685162F007DD015;
					};
				};
			};
			buildConfigurationList = 4333F1242685162F007DD015 /* Build configuration list for PBXProject "InteractiveDemo" */;
			compatibilityVersion = "Xcode 9.3";
			developmentRegion = en;
			hasScannedForEncodings = 0;
			knownRegions = (
				en,
				Base,
			);
			mainGroup = 4333F1202685162F007DD015;
			packageReferences = (
				4333F1732687177A007DD015 /* XCRemoteSwiftPackageReference "SwiftSVG" */,
			);
			productRefGroup = 4333F12A2685162F007DD015 /* Products */;
			projectDirPath = "";
			projectRoot = "";
			targets = (
				4333F1282685162F007DD015 /* InteractiveDemo */,
				4333F13E26851631007DD015 /* InteractiveDemoTests */,
				4333F14926851631007DD015 /* InteractiveDemoUITests */,
			);
		};
/* End PBXProject section */

/* Begin PBXResourcesBuildPhase section */
		4333F1272685162F007DD015 /* Resources */ = {
			isa = PBXResourcesBuildPhase;
			buildActionMask = 2147483647;
			files = (
				438F45762687433600371E35 /* UpcomingMatchesCell.xib in Resources */,
				438F45722687414700371E35 /* TeamDetailView.xib in Resources */,
				4333F13926851630007DD015 /* LaunchScreen.storyboard in Resources */,
				4333F13626851630007DD015 /* Assets.xcassets in Resources */,
				4333F1342685162F007DD015 /* Main.storyboard in Resources */,
			);
			runOnlyForDeploymentPostprocessing = 0;
		};
		4333F13D26851631007DD015 /* Resources */ = {
			isa = PBXResourcesBuildPhase;
			buildActionMask = 2147483647;
			files = (
			);
			runOnlyForDeploymentPostprocessing = 0;
		};
		4333F14826851631007DD015 /* Resources */ = {
			isa = PBXResourcesBuildPhase;
			buildActionMask = 2147483647;
			files = (
			);
			runOnlyForDeploymentPostprocessing = 0;
		};
/* End PBXResourcesBuildPhase section */

/* Begin PBXSourcesBuildPhase section */
		4333F1252685162F007DD015 /* Sources */ = {
			isa = PBXSourcesBuildPhase;
			buildActionMask = 2147483647;
			files = (
				4333F1652686097E007DD015 /* DataSource.swift in Sources */,
				4333F15F268608B1007DD015 /* TeamDetailView.swift in Sources */,
				4333F1312685162F007DD015 /* TeamsViewController.swift in Sources */,
				4333F16726860A16007DD015 /* TeamCell.swift in Sources */,
				4333F12D2685162F007DD015 /* AppDelegate.swift in Sources */,
				438F45802687539B00371E35 /* NetworkDataProvider.swift in Sources */,
				4333F16D26860D99007DD015 /* TeamsViewModel.swift in Sources */,
				43AB06AB26873AA70043406B /* TeamTableViewDelegate.swift in Sources */,
				438F45742687425700371E35 /* UpcomingMatchesCell.swift in Sources */,
				4333F1702686126C007DD015 /* DataProvider.swift in Sources */,
				4333F12F2685162F007DD015 /* SceneDelegate.swift in Sources */,
				4333F15D26851E6F007DD015 /* Model.swift in Sources */,
				438F4578268745AE00371E35 /* UpcomingMatchModel.swift in Sources */,
			);
			runOnlyForDeploymentPostprocessing = 0;
		};
		4333F13B26851631007DD015 /* Sources */ = {
			isa = PBXSourcesBuildPhase;
			buildActionMask = 2147483647;
			files = (
				4333F14426851631007DD015 /* InteractiveDemoTests.swift in Sources */,
			);
			runOnlyForDeploymentPostprocessing = 0;
		};
		4333F14626851631007DD015 /* Sources */ = {
			isa = PBXSourcesBuildPhase;
			buildActionMask = 2147483647;
			files = (
				4333F14F26851631007DD015 /* InteractiveDemoUITests.swift in Sources */,
			);
			runOnlyForDeploymentPostprocessing = 0;
		};
/* End PBXSourcesBuildPhase section */

/* Begin PBXTargetDependency section */
		4333F14126851631007DD015 /* PBXTargetDependency */ = {
			isa = PBXTargetDependency;
			target = 4333F1282685162F007DD015 /* InteractiveDemo */;
			targetProxy = 4333F14026851631007DD015 /* PBXContainerItemProxy */;
		};
		4333F14C26851631007DD015 /* PBXTargetDependency */ = {
			isa = PBXTargetDependency;
			target = 4333F1282685162F007DD015 /* InteractiveDemo */;
			targetProxy = 4333F14B26851631007DD015 /* PBXContainerItemProxy */;
		};
/* End PBXTargetDependency section */

/* Begin PBXVariantGroup section */
		4333F1322685162F007DD015 /* Main.storyboard */ = {
			isa = PBXVariantGroup;
			children = (
				4333F1332685162F007DD015 /* Base */,
			);
			name = Main.storyboard;
			sourceTree = "<group>";
		};
		4333F13726851630007DD015 /* LaunchScreen.storyboard */ = {
			isa = PBXVariantGroup;
			children = (
				4333F13826851630007DD015 /* Base */,
			);
			name = LaunchScreen.storyboard;
			sourceTree = "<group>";
		};
/* End PBXVariantGroup section */

/* Begin XCBuildConfiguration section */
		4333F15126851631007DD015 /* Debug */ = {
			isa = XCBuildConfiguration;
			buildSettings = {
				ALWAYS_SEARCH_USER_PATHS = NO;
				CLANG_ANALYZER_NONNULL = YES;
				CLANG_ANALYZER_NUMBER_OBJECT_CONVERSION = YES_AGGRESSIVE;
				CLANG_CXX_LANGUAGE_STANDARD = "gnu++14";
				CLANG_CXX_LIBRARY = "libc++";
				CLANG_ENABLE_MODULES = YES;
				CLANG_ENABLE_OBJC_ARC = YES;
				CLANG_ENABLE_OBJC_WEAK = YES;
				CLANG_WARN_BLOCK_CAPTURE_AUTORELEASING = YES;
				CLANG_WARN_BOOL_CONVERSION = YES;
				CLANG_WARN_COMMA = YES;
				CLANG_WARN_CONSTANT_CONVERSION = YES;
				CLANG_WARN_DEPRECATED_OBJC_IMPLEMENTATIONS = YES;
				CLANG_WARN_DIRECT_OBJC_ISA_USAGE = YES_ERROR;
				CLANG_WARN_DOCUMENTATION_COMMENTS = YES;
				CLANG_WARN_EMPTY_BODY = YES;
				CLANG_WARN_ENUM_CONVERSION = YES;
				CLANG_WARN_INFINITE_RECURSION = YES;
				CLANG_WARN_INT_CONVERSION = YES;
				CLANG_WARN_NON_LITERAL_NULL_CONVERSION = YES;
				CLANG_WARN_OBJC_IMPLICIT_RETAIN_SELF = YES;
				CLANG_WARN_OBJC_LITERAL_CONVERSION = YES;
				CLANG_WARN_OBJC_ROOT_CLASS = YES_ERROR;
				CLANG_WARN_QUOTED_INCLUDE_IN_FRAMEWORK_HEADER = YES;
				CLANG_WARN_RANGE_LOOP_ANALYSIS = YES;
				CLANG_WARN_STRICT_PROTOTYPES = YES;
				CLANG_WARN_SUSPICIOUS_MOVE = YES;
				CLANG_WARN_UNGUARDED_AVAILABILITY = YES_AGGRESSIVE;
				CLANG_WARN_UNREACHABLE_CODE = YES;
				CLANG_WARN__DUPLICATE_METHOD_MATCH = YES;
				COPY_PHASE_STRIP = NO;
				DEBUG_INFORMATION_FORMAT = dwarf;
				ENABLE_STRICT_OBJC_MSGSEND = YES;
				ENABLE_TESTABILITY = YES;
				GCC_C_LANGUAGE_STANDARD = gnu11;
				GCC_DYNAMIC_NO_PIC = NO;
				GCC_NO_COMMON_BLOCKS = YES;
				GCC_OPTIMIZATION_LEVEL = 0;
				GCC_PREPROCESSOR_DEFINITIONS = (
					"DEBUG=1",
					"$(inherited)",
				);
				GCC_WARN_64_TO_32_BIT_CONVERSION = YES;
				GCC_WARN_ABOUT_RETURN_TYPE = YES_ERROR;
				GCC_WARN_UNDECLARED_SELECTOR = YES;
				GCC_WARN_UNINITIALIZED_AUTOS = YES_AGGRESSIVE;
				GCC_WARN_UNUSED_FUNCTION = YES;
				GCC_WARN_UNUSED_VARIABLE = YES;
				IPHONEOS_DEPLOYMENT_TARGET = 14.5;
				MTL_ENABLE_DEBUG_INFO = INCLUDE_SOURCE;
				MTL_FAST_MATH = YES;
				ONLY_ACTIVE_ARCH = YES;
				SDKROOT = iphoneos;
				SWIFT_ACTIVE_COMPILATION_CONDITIONS = DEBUG;
				SWIFT_OPTIMIZATION_LEVEL = "-Onone";
			};
			name = Debug;
		};
		4333F15226851631007DD015 /* Release */ = {
			isa = XCBuildConfiguration;
			buildSettings = {
				ALWAYS_SEARCH_USER_PATHS = NO;
				CLANG_ANALYZER_NONNULL = YES;
				CLANG_ANALYZER_NUMBER_OBJECT_CONVERSION = YES_AGGRESSIVE;
				CLANG_CXX_LANGUAGE_STANDARD = "gnu++14";
				CLANG_CXX_LIBRARY = "libc++";
				CLANG_ENABLE_MODULES = YES;
				CLANG_ENABLE_OBJC_ARC = YES;
				CLANG_ENABLE_OBJC_WEAK = YES;
				CLANG_WARN_BLOCK_CAPTURE_AUTORELEASING = YES;
				CLANG_WARN_BOOL_CONVERSION = YES;
				CLANG_WARN_COMMA = YES;
				CLANG_WARN_CONSTANT_CONVERSION = YES;
				CLANG_WARN_DEPRECATED_OBJC_IMPLEMENTATIONS = YES;
				CLANG_WARN_DIRECT_OBJC_ISA_USAGE = YES_ERROR;
				CLANG_WARN_DOCUMENTATION_COMMENTS = YES;
				CLANG_WARN_EMPTY_BODY = YES;
				CLANG_WARN_ENUM_CONVERSION = YES;
				CLANG_WARN_INFINITE_RECURSION = YES;
				CLANG_WARN_INT_CONVERSION = YES;
				CLANG_WARN_NON_LITERAL_NULL_CONVERSION = YES;
				CLANG_WARN_OBJC_IMPLICIT_RETAIN_SELF = YES;
				CLANG_WARN_OBJC_LITERAL_CONVERSION = YES;
				CLANG_WARN_OBJC_ROOT_CLASS = YES_ERROR;
				CLANG_WARN_QUOTED_INCLUDE_IN_FRAMEWORK_HEADER = YES;
				CLANG_WARN_RANGE_LOOP_ANALYSIS = YES;
				CLANG_WARN_STRICT_PROTOTYPES = YES;
				CLANG_WARN_SUSPICIOUS_MOVE = YES;
				CLANG_WARN_UNGUARDED_AVAILABILITY = YES_AGGRESSIVE;
				CLANG_WARN_UNREACHABLE_CODE = YES;
				CLANG_WARN__DUPLICATE_METHOD_MATCH = YES;
				COPY_PHASE_STRIP = NO;
				DEBUG_INFORMATION_FORMAT = "dwarf-with-dsym";
				ENABLE_NS_ASSERTIONS = NO;
				ENABLE_STRICT_OBJC_MSGSEND = YES;
				GCC_C_LANGUAGE_STANDARD = gnu11;
				GCC_NO_COMMON_BLOCKS = YES;
				GCC_WARN_64_TO_32_BIT_CONVERSION = YES;
				GCC_WARN_ABOUT_RETURN_TYPE = YES_ERROR;
				GCC_WARN_UNDECLARED_SELECTOR = YES;
				GCC_WARN_UNINITIALIZED_AUTOS = YES_AGGRESSIVE;
				GCC_WARN_UNUSED_FUNCTION = YES;
				GCC_WARN_UNUSED_VARIABLE = YES;
				IPHONEOS_DEPLOYMENT_TARGET = 14.5;
				MTL_ENABLE_DEBUG_INFO = NO;
				MTL_FAST_MATH = YES;
				SDKROOT = iphoneos;
				SWIFT_COMPILATION_MODE = wholemodule;
				SWIFT_OPTIMIZATION_LEVEL = "-O";
				VALIDATE_PRODUCT = YES;
			};
			name = Release;
		};
		4333F15426851631007DD015 /* Debug */ = {
			isa = XCBuildConfiguration;
			buildSettings = {
				ASSETCATALOG_COMPILER_APPICON_NAME = AppIcon;
				ASSETCATALOG_COMPILER_GLOBAL_ACCENT_COLOR_NAME = AccentColor;
				CODE_SIGN_STYLE = Automatic;
				INFOPLIST_FILE = InteractiveDemo/Info.plist;
				LD_RUNPATH_SEARCH_PATHS = (
					"$(inherited)",
					"@executable_path/Frameworks",
				);
				PRODUCT_BUNDLE_IDENTIFIER = talspektor.InteractiveDemo;
				PRODUCT_NAME = "$(TARGET_NAME)";
				SWIFT_VERSION = 5.0;
				TARGETED_DEVICE_FAMILY = "1,2";
			};
			name = Debug;
		};
		4333F15526851631007DD015 /* Release */ = {
			isa = XCBuildConfiguration;
			buildSettings = {
				ASSETCATALOG_COMPILER_APPICON_NAME = AppIcon;
				ASSETCATALOG_COMPILER_GLOBAL_ACCENT_COLOR_NAME = AccentColor;
				CODE_SIGN_STYLE = Automatic;
				INFOPLIST_FILE = InteractiveDemo/Info.plist;
				LD_RUNPATH_SEARCH_PATHS = (
					"$(inherited)",
					"@executable_path/Frameworks",
				);
				PRODUCT_BUNDLE_IDENTIFIER = talspektor.InteractiveDemo;
				PRODUCT_NAME = "$(TARGET_NAME)";
				SWIFT_VERSION = 5.0;
				TARGETED_DEVICE_FAMILY = "1,2";
			};
			name = Release;
		};
		4333F15726851631007DD015 /* Debug */ = {
			isa = XCBuildConfiguration;
			buildSettings = {
				ALWAYS_EMBED_SWIFT_STANDARD_LIBRARIES = YES;
				BUNDLE_LOADER = "$(TEST_HOST)";
				CODE_SIGN_STYLE = Automatic;
				INFOPLIST_FILE = InteractiveDemoTests/Info.plist;
				IPHONEOS_DEPLOYMENT_TARGET = 14.5;
				LD_RUNPATH_SEARCH_PATHS = (
					"$(inherited)",
					"@executable_path/Frameworks",
					"@loader_path/Frameworks",
				);
				PRODUCT_BUNDLE_IDENTIFIER = talspektor.InteractiveDemoTests;
				PRODUCT_NAME = "$(TARGET_NAME)";
				SWIFT_VERSION = 5.0;
				TARGETED_DEVICE_FAMILY = "1,2";
				TEST_HOST = "$(BUILT_PRODUCTS_DIR)/InteractiveDemo.app/InteractiveDemo";
			};
			name = Debug;
		};
		4333F15826851631007DD015 /* Release */ = {
			isa = XCBuildConfiguration;
			buildSettings = {
				ALWAYS_EMBED_SWIFT_STANDARD_LIBRARIES = YES;
				BUNDLE_LOADER = "$(TEST_HOST)";
				CODE_SIGN_STYLE = Automatic;
				INFOPLIST_FILE = InteractiveDemoTests/Info.plist;
				IPHONEOS_DEPLOYMENT_TARGET = 14.5;
				LD_RUNPATH_SEARCH_PATHS = (
					"$(inherited)",
					"@executable_path/Frameworks",
					"@loader_path/Frameworks",
				);
				PRODUCT_BUNDLE_IDENTIFIER = talspektor.InteractiveDemoTests;
				PRODUCT_NAME = "$(TARGET_NAME)";
				SWIFT_VERSION = 5.0;
				TARGETED_DEVICE_FAMILY = "1,2";
				TEST_HOST = "$(BUILT_PRODUCTS_DIR)/InteractiveDemo.app/InteractiveDemo";
			};
			name = Release;
		};
		4333F15A26851631007DD015 /* Debug */ = {
			isa = XCBuildConfiguration;
			buildSettings = {
				ALWAYS_EMBED_SWIFT_STANDARD_LIBRARIES = YES;
				CODE_SIGN_STYLE = Automatic;
				INFOPLIST_FILE = InteractiveDemoUITests/Info.plist;
				LD_RUNPATH_SEARCH_PATHS = (
					"$(inherited)",
					"@executable_path/Frameworks",
					"@loader_path/Frameworks",
				);
				PRODUCT_BUNDLE_IDENTIFIER = talspektor.InteractiveDemoUITests;
				PRODUCT_NAME = "$(TARGET_NAME)";
				SWIFT_VERSION = 5.0;
				TARGETED_DEVICE_FAMILY = "1,2";
				TEST_TARGET_NAME = InteractiveDemo;
			};
			name = Debug;
		};
		4333F15B26851631007DD015 /* Release */ = {
			isa = XCBuildConfiguration;
			buildSettings = {
				ALWAYS_EMBED_SWIFT_STANDARD_LIBRARIES = YES;
				CODE_SIGN_STYLE = Automatic;
				INFOPLIST_FILE = InteractiveDemoUITests/Info.plist;
				LD_RUNPATH_SEARCH_PATHS = (
					"$(inherited)",
					"@executable_path/Frameworks",
					"@loader_path/Frameworks",
				);
				PRODUCT_BUNDLE_IDENTIFIER = talspektor.InteractiveDemoUITests;
				PRODUCT_NAME = "$(TARGET_NAME)";
				SWIFT_VERSION = 5.0;
				TARGETED_DEVICE_FAMILY = "1,2";
				TEST_TARGET_NAME = InteractiveDemo;
			};
			name = Release;
		};
/* End XCBuildConfiguration section */

/* Begin XCConfigurationList section */
		4333F1242685162F007DD015 /* Build configuration list for PBXProject "InteractiveDemo" */ = {
			isa = XCConfigurationList;
			buildConfigurations = (
				4333F15126851631007DD015 /* Debug */,
				4333F15226851631007DD015 /* Release */,
			);
			defaultConfigurationIsVisible = 0;
			defaultConfigurationName = Release;
		};
		4333F15326851631007DD015 /* Build configuration list for PBXNativeTarget "InteractiveDemo" */ = {
			isa = XCConfigurationList;
			buildConfigurations = (
				4333F15426851631007DD015 /* Debug */,
				4333F15526851631007DD015 /* Release */,
			);
			defaultConfigurationIsVisible = 0;
			defaultConfigurationName = Release;
		};
		4333F15626851631007DD015 /* Build configuration list for PBXNativeTarget "InteractiveDemoTests" */ = {
			isa = XCConfigurationList;
			buildConfigurations = (
				4333F15726851631007DD015 /* Debug */,
				4333F15826851631007DD015 /* Release */,
			);
			defaultConfigurationIsVisible = 0;
			defaultConfigurationName = Release;
		};
		4333F15926851631007DD015 /* Build configuration list for PBXNativeTarget "InteractiveDemoUITests" */ = {
			isa = XCConfigurationList;
			buildConfigurations = (
				4333F15A26851631007DD015 /* Debug */,
				4333F15B26851631007DD015 /* Release */,
			);
			defaultConfigurationIsVisible = 0;
			defaultConfigurationName = Release;
		};
/* End XCConfigurationList section */

/* Begin XCRemoteSwiftPackageReference section */
		4333F1732687177A007DD015 /* XCRemoteSwiftPackageReference "SwiftSVG" */ = {
			isa = XCRemoteSwiftPackageReference;
			repositoryURL = "https://github.com/mchoe/SwiftSVG.git";
			requirement = {
				kind = upToNextMajorVersion;
				minimumVersion = 2.3.2;
			};
		};
/* End XCRemoteSwiftPackageReference section */

/* Begin XCSwiftPackageProductDependency section */
		4333F1742687177A007DD015 /* SwiftSVG */ = {
			isa = XCSwiftPackageProductDependency;
			package = 4333F1732687177A007DD015 /* XCRemoteSwiftPackageReference "SwiftSVG" */;
			productName = SwiftSVG;
		};
/* End XCSwiftPackageProductDependency section */
	};
	rootObject = 4333F1212685162F007DD015 /* Project object */;
}
